{
  "name": "package",
  "version": "1.0.0",
  "lockfileVersion": 2,
  "requires": true,
  "packages": {
    "": {
      "name": "package",
      "version": "1.0.0",
      "license": "ISC",
      "dependencies": {
        "wx-query": "^0.0.3"
      }
    },
    "node_modules/wx-query": {
      "version": "0.0.3",
      "resolved": "https://registry.npmmirror.com/wx-query/-/wx-query-0.0.3.tgz",
      "integrity": "sha512-hSMof1jxQ1appDz4/hVmwlJE9C++URJsLMBgAkELZYZRl2JWg9z2JQQe0AmYb0cC/X3jz/LMHUAIIX9k5AiXwA=="
    }
  },
  "dependencies": {
    "wx-query": {
      "version": "0.0.3",
      "resolved": "https://registry.npmmirror.com/wx-query/-/wx-query-0.0.3.tgz",
      "integrity": "sha512-hSMof1jxQ1appDz4/hVmwlJE9C++URJsLMBgAkELZYZRl2JWg9z2JQQe0AmYb0cC/X3jz/LMHUAIIX9k5AiXwA=="
    }
  }
}
